// !$*UTF8*$!
{
	archiveVersion = 1;
	classes = {
	};
	objectVersion = 50;
	objects = {

/* Begin PBXBuildFile section */
		8076539224D4AAE800A0B61E /* CalculateDisplayObservable.swift in Sources */ = {isa = PBXBuildFile; fileRef = 8076539124D4AAE800A0B61E /* CalculateDisplayObservable.swift */; };
		8093B66224D01D740083196D /* AppDelegate.swift in Sources */ = {isa = PBXBuildFile; fileRef = 8093B66124D01D740083196D /* AppDelegate.swift */; };
		8093B66424D01D740083196D /* SceneDelegate.swift in Sources */ = {isa = PBXBuildFile; fileRef = 8093B66324D01D740083196D /* SceneDelegate.swift */; };
		8093B66724D01D740083196D /* Calculate_SwiftUI.xcdatamodeld in Sources */ = {isa = PBXBuildFile; fileRef = 8093B66524D01D740083196D /* Calculate_SwiftUI.xcdatamodeld */; };
		8093B66924D01D740083196D /* ContentView.swift in Sources */ = {isa = PBXBuildFile; fileRef = 8093B66824D01D740083196D /* ContentView.swift */; };
		8093B66B24D01D770083196D /* Assets.xcassets in Resources */ = {isa = PBXBuildFile; fileRef = 8093B66A24D01D770083196D /* Assets.xcassets */; };
		8093B66E24D01D770083196D /* Preview Assets.xcassets in Resources */ = {isa = PBXBuildFile; fileRef = 8093B66D24D01D770083196D /* Preview Assets.xcassets */; };
		8093B67124D01D770083196D /* LaunchScreen.storyboard in Resources */ = {isa = PBXBuildFile; fileRef = 8093B66F24D01D770083196D /* LaunchScreen.storyboard */; };
		8093B67C24D01D770083196D /* Calculate_SwiftUITests.swift in Sources */ = {isa = PBXBuildFile; fileRef = 8093B67B24D01D770083196D /* Calculate_SwiftUITests.swift */; };
		8093B69524D027860083196D /* CalculateButton.swift in Sources */ = {isa = PBXBuildFile; fileRef = 8093B69424D027860083196D /* CalculateButton.swift */; };
		8093B69824D0301C0083196D /* CalculateView.swift in Sources */ = {isa = PBXBuildFile; fileRef = 8093B69724D0301C0083196D /* CalculateView.swift */; };
/* End PBXBuildFile section */

/* Begin PBXContainerItemProxy section */
		8093B67824D01D770083196D /* PBXContainerItemProxy */ = {
			isa = PBXContainerItemProxy;
			containerPortal = 8093B65624D01D740083196D /* Project object */;
			proxyType = 1;
			remoteGlobalIDString = 8093B65D24D01D740083196D;
			remoteInfo = Calculate_SwiftUI;
		};
/* End PBXContainerItemProxy section */

/* Begin PBXFileReference section */
		8076539124D4AAE800A0B61E /* CalculateDisplayObservable.swift */ = {isa = PBXFileReference; lastKnownFileType = sourcecode.swift; path = CalculateDisplayObservable.swift; sourceTree = "<group>"; };
		8093B65E24D01D740083196D /* Calculate_SwiftUI.app */ = {isa = PBXFileReference; explicitFileType = wrapper.application; includeInIndex = 0; path = Calculate_SwiftUI.app; sourceTree = BUILT_PRODUCTS_DIR; };
		8093B66124D01D740083196D /* AppDelegate.swift */ = {isa = PBXFileReference; lastKnownFileType = sourcecode.swift; path = AppDelegate.swift; sourceTree = "<group>"; };
		8093B66324D01D740083196D /* SceneDelegate.swift */ = {isa = PBXFileReference; lastKnownFileType = sourcecode.swift; path = SceneDelegate.swift; sourceTree = "<group>"; };
		8093B66624D01D740083196D /* Calculate_SwiftUI.xcdatamodel */ = {isa = PBXFileReference; lastKnownFileType = wrapper.xcdatamodel; path = Calculate_SwiftUI.xcdatamodel; sourceTree = "<group>"; };
		8093B66824D01D740083196D /* ContentView.swift */ = {isa = PBXFileReference; lastKnownFileType = sourcecode.swift; path = ContentView.swift; sourceTree = "<group>"; };
		8093B66A24D01D770083196D /* Assets.xcassets */ = {isa = PBXFileReference; lastKnownFileType = folder.assetcatalog; path = Assets.xcassets; sourceTree = "<group>"; };
		8093B66D24D01D770083196D /* Preview Assets.xcassets */ = {isa = PBXFileReference; lastKnownFileType = folder.assetcatalog; path = "Preview Assets.xcassets"; sourceTree = "<group>"; };
		8093B67024D01D770083196D /* Base */ = {isa = PBXFileReference; lastKnownFileType = file.storyboard; name = Base; path = Base.lproj/LaunchScreen.storyboard; sourceTree = "<group>"; };
		8093B67224D01D770083196D /* Info.plist */ = {isa = PBXFileReference; lastKnownFileType = text.plist.xml; path = Info.plist; sourceTree = "<group>"; };
		8093B67724D01D770083196D /* Calculate_SwiftUITests.xctest */ = {isa = PBXFileReference; explicitFileType = wrapper.cfbundle; includeInIndex = 0; path = Calculate_SwiftUITests.xctest; sourceTree = BUILT_PRODUCTS_DIR; };
		8093B67B24D01D770083196D /* Calculate_SwiftUITests.swift */ = {isa = PBXFileReference; lastKnownFileType = sourcecode.swift; path = Calculate_SwiftUITests.swift; sourceTree = "<group>"; };
		8093B67D24D01D770083196D /* Info.plist */ = {isa = PBXFileReference; lastKnownFileType = text.plist.xml; path = Info.plist; sourceTree = "<group>"; };
		8093B69424D027860083196D /* CalculateButton.swift */ = {isa = PBXFileReference; lastKnownFileType = sourcecode.swift; path = CalculateButton.swift; sourceTree = "<group>"; };
		8093B69724D0301C0083196D /* CalculateView.swift */ = {isa = PBXFileReference; lastKnownFileType = sourcecode.swift; path = CalculateView.swift; sourceTree = "<group>"; };
/* End PBXFileReference section */

/* Begin PBXFrameworksBuildPhase section */
		8093B65B24D01D740083196D /* Frameworks */ = {
			isa = PBXFrameworksBuildPhase;
			buildActionMask = 2147483647;
			files = (
			);
			runOnlyForDeploymentPostprocessing = 0;
		};
		8093B67424D01D770083196D /* Frameworks */ = {
			isa = PBXFrameworksBuildPhase;
			buildActionMask = 2147483647;
			files = (
			);
			runOnlyForDeploymentPostprocessing = 0;
		};
/* End PBXFrameworksBuildPhase section */

/* Begin PBXGroup section */
		8076539024D4AAAC00A0B61E /* Classes */ = {
			isa = PBXGroup;
			children = (
				8076539124D4AAE800A0B61E /* CalculateDisplayObservable.swift */,
			);
			path = Classes;
			sourceTree = "<group>";
		};
		8093B65524D01D740083196D = {
			isa = PBXGroup;
			children = (
				8093B66024D01D740083196D /* Calculate_SwiftUI */,
				8093B67A24D01D770083196D /* Calculate_SwiftUITests */,
				8093B65F24D01D740083196D /* Products */,
			);
			sourceTree = "<group>";
		};
		8093B65F24D01D740083196D /* Products */ = {
			isa = PBXGroup;
			children = (
				8093B65E24D01D740083196D /* Calculate_SwiftUI.app */,
				8093B67724D01D770083196D /* Calculate_SwiftUITests.xctest */,
			);
			name = Products;
			sourceTree = "<group>";
		};
		8093B66024D01D740083196D /* Calculate_SwiftUI */ = {
			isa = PBXGroup;
			children = (
				8093B66124D01D740083196D /* AppDelegate.swift */,
				8093B66324D01D740083196D /* SceneDelegate.swift */,
				8093B66824D01D740083196D /* ContentView.swift */,
				8093B69624D0300B0083196D /* View */,
				8076539024D4AAAC00A0B61E /* Classes */,
				8093B66A24D01D770083196D /* Assets.xcassets */,
				8093B66F24D01D770083196D /* LaunchScreen.storyboard */,
				8093B67224D01D770083196D /* Info.plist */,
				8093B66524D01D740083196D /* Calculate_SwiftUI.xcdatamodeld */,
				8093B66C24D01D770083196D /* Preview Content */,
			);
			path = Calculate_SwiftUI;
			sourceTree = "<group>";
		};
		8093B66C24D01D770083196D /* Preview Content */ = {
			isa = PBXGroup;
			children = (
				8093B66D24D01D770083196D /* Preview Assets.xcassets */,
			);
			path = "Preview Content";
			sourceTree = "<group>";
		};
		8093B67A24D01D770083196D /* Calculate_SwiftUITests */ = {
			isa = PBXGroup;
			children = (
				8093B67B24D01D770083196D /* Calculate_SwiftUITests.swift */,
				8093B67D24D01D770083196D /* Info.plist */,
			);
			path = Calculate_SwiftUITests;
			sourceTree = "<group>";
		};
		8093B69324D027660083196D /* Buttons */ = {
			isa = PBXGroup;
			children = (
				8093B69424D027860083196D /* CalculateButton.swift */,
			);
			path = Buttons;
			sourceTree = "<group>";
		};
		8093B69624D0300B0083196D /* View */ = {
			isa = PBXGroup;
			children = (
				8093B69324D027660083196D /* Buttons */,
				8093B69724D0301C0083196D /* CalculateView.swift */,
			);
			path = View;
			sourceTree = "<group>";
		};
/* End PBXGroup section */

/* Begin PBXNativeTarget section */
		8093B65D24D01D740083196D /* Calculate_SwiftUI */ = {
			isa = PBXNativeTarget;
			buildConfigurationList = 8093B68024D01D770083196D /* Build configuration list for PBXNativeTarget "Calculate_SwiftUI" */;
			buildPhases = (
				8093B65A24D01D740083196D /* Sources */,
				8093B65B24D01D740083196D /* Frameworks */,
				8093B65C24D01D740083196D /* Resources */,
			);
			buildRules = (
			);
			dependencies = (
			);
			name = Calculate_SwiftUI;
			productName = Calculate_SwiftUI;
			productReference = 8093B65E24D01D740083196D /* Calculate_SwiftUI.app */;
			productType = "com.apple.product-type.application";
		};
		8093B67624D01D770083196D /* Calculate_SwiftUITests */ = {
			isa = PBXNativeTarget;
			buildConfigurationList = 8093B68324D01D770083196D /* Build configuration list for PBXNativeTarget "Calculate_SwiftUITests" */;
			buildPhases = (
				8093B67324D01D770083196D /* Sources */,
				8093B67424D01D770083196D /* Frameworks */,
				8093B67524D01D770083196D /* Resources */,
			);
			buildRules = (
			);
			dependencies = (
				8093B67924D01D770083196D /* PBXTargetDependency */,
			);
			name = Calculate_SwiftUITests;
			productName = Calculate_SwiftUITests;
			productReference = 8093B67724D01D770083196D /* Calculate_SwiftUITests.xctest */;
			productType = "com.apple.product-type.bundle.unit-test";
		};
/* End PBXNativeTarget section */

/* Begin PBXProject section */
		8093B65624D01D740083196D /* Project object */ = {
			isa = PBXProject;
			attributes = {
				LastSwiftUpdateCheck = 1160;
				LastUpgradeCheck = 1160;
				ORGANIZATIONNAME = "Михаил Гудзикевич";
				TargetAttributes = {
					8093B65D24D01D740083196D = {
						CreatedOnToolsVersion = 11.6;
					};
					8093B67624D01D770083196D = {
						CreatedOnToolsVersion = 11.6;
						TestTargetID = 8093B65D24D01D740083196D;
					};
				};
			};
			buildConfigurationList = 8093B65924D01D740083196D /* Build configuration list for PBXProject "Calculate_SwiftUI" */;
			compatibilityVersion = "Xcode 9.3";
			developmentRegion = en;
			hasScannedForEncodings = 0;
			knownRegions = (
				en,
				Base,
			);
			mainGroup = 8093B65524D01D740083196D;
			productRefGroup = 8093B65F24D01D740083196D /* Products */;
			projectDirPath = "";
			projectRoot = "";
			targets = (
				8093B65D24D01D740083196D /* Calculate_SwiftUI */,
				8093B67624D01D770083196D /* Calculate_SwiftUITests */,
			);
		};
/* End PBXProject section */

/* Begin PBXResourcesBuildPhase section */
		8093B65C24D01D740083196D /* Resources */ = {
			isa = PBXResourcesBuildPhase;
			buildActionMask = 2147483647;
			files = (
				8093B67124D01D770083196D /* LaunchScreen.storyboard in Resources */,
				8093B66E24D01D770083196D /* Preview Assets.xcassets in Resources */,
				8093B66B24D01D770083196D /* Assets.xcassets in Resources */,
			);
			runOnlyForDeploymentPostprocessing = 0;
		};
		8093B67524D01D770083196D /* Resources */ = {
			isa = PBXResourcesBuildPhase;
			buildActionMask = 2147483647;
			files = (
			);
			runOnlyForDeploymentPostprocessing = 0;
		};
/* End PBXResourcesBuildPhase section */

/* Begin PBXSourcesBuildPhase section */
		8093B65A24D01D740083196D /* Sources */ = {
			isa = PBXSourcesBuildPhase;
			buildActionMask = 2147483647;
			files = (
				8093B66724D01D740083196D /* Calculate_SwiftUI.xcdatamodeld in Sources */,
				8093B69824D0301C0083196D /* CalculateView.swift in Sources */,
				8093B66224D01D740083196D /* AppDelegate.swift in Sources */,
				8076539224D4AAE800A0B61E /* CalculateDisplayObservable.swift in Sources */,
				8093B66924D01D740083196D /* ContentView.swift in Sources */,
				8093B69524D027860083196D /* CalculateButton.swift in Sources */,
				8093B66424D01D740083196D /* SceneDelegate.swift in Sources */,
			);
			runOnlyForDeploymentPostprocessing = 0;
		};
		8093B67324D01D770083196D /* Sources */ = {
			isa = PBXSourcesBuildPhase;
			buildActionMask = 2147483647;
			files = (
				8093B67C24D01D770083196D /* Calculate_SwiftUITests.swift in Sources */,
			);
			runOnlyForDeploymentPostprocessing = 0;
		};
/* End PBXSourcesBuildPhase section */

/* Begin PBXTargetDependency section */
		8093B67924D01D770083196D /* PBXTargetDependency */ = {
			isa = PBXTargetDependency;
			target = 8093B65D24D01D740083196D /* Calculate_SwiftUI */;
			targetProxy = 8093B67824D01D770083196D /* PBXContainerItemProxy */;
		};
/* End PBXTargetDependency section */

/* Begin PBXVariantGroup section */
		8093B66F24D01D770083196D /* LaunchScreen.storyboard */ = {
			isa = PBXVariantGroup;
			children = (
				8093B67024D01D770083196D /* Base */,
			);
			name = LaunchScreen.storyboard;
			sourceTree = "<group>";
		};
/* End PBXVariantGroup section */

/* Begin XCBuildConfiguration section */
		8093B67E24D01D770083196D /* Debug */ = {
			isa = XCBuildConfiguration;
			buildSettings = {
				ALWAYS_SEARCH_USER_PATHS = NO;
				CLANG_ANALYZER_NONNULL = YES;
				CLANG_ANALYZER_NUMBER_OBJECT_CONVERSION = YES_AGGRESSIVE;
				CLANG_CXX_LANGUAGE_STANDARD = "gnu++14";
				CLANG_CXX_LIBRARY = "libc++";
				CLANG_ENABLE_MODULES = YES;
				CLANG_ENABLE_OBJC_ARC = YES;
				CLANG_ENABLE_OBJC_WEAK = YES;
				CLANG_WARN_BLOCK_CAPTURE_AUTORELEASING = YES;
				CLANG_WARN_BOOL_CONVERSION = YES;
				CLANG_WARN_COMMA = YES;
				CLANG_WARN_CONSTANT_CONVERSION = YES;
				CLANG_WARN_DEPRECATED_OBJC_IMPLEMENTATIONS = YES;
				CLANG_WARN_DIRECT_OBJC_ISA_USAGE = YES_ERROR;
				CLANG_WARN_DOCUMENTATION_COMMENTS = YES;
				CLANG_WARN_EMPTY_BODY = YES;
				CLANG_WARN_ENUM_CONVERSION = YES;
				CLANG_WARN_INFINITE_RECURSION = YES;
				CLANG_WARN_INT_CONVERSION = YES;
				CLANG_WARN_NON_LITERAL_NULL_CONVERSION = YES;
				CLANG_WARN_OBJC_IMPLICIT_RETAIN_SELF = YES;
				CLANG_WARN_OBJC_LITERAL_CONVERSION = YES;
				CLANG_WARN_OBJC_ROOT_CLASS = YES_ERROR;
				CLANG_WARN_RANGE_LOOP_ANALYSIS = YES;
				CLANG_WARN_STRICT_PROTOTYPES = YES;
				CLANG_WARN_SUSPICIOUS_MOVE = YES;
				CLANG_WARN_UNGUARDED_AVAILABILITY = YES_AGGRESSIVE;
				CLANG_WARN_UNREACHABLE_CODE = YES;
				CLANG_WARN__DUPLICATE_METHOD_MATCH = YES;
				COPY_PHASE_STRIP = NO;
				DEBUG_INFORMATION_FORMAT = dwarf;
				ENABLE_STRICT_OBJC_MSGSEND = YES;
				ENABLE_TESTABILITY = YES;
				GCC_C_LANGUAGE_STANDARD = gnu11;
				GCC_DYNAMIC_NO_PIC = NO;
				GCC_NO_COMMON_BLOCKS = YES;
				GCC_OPTIMIZATION_LEVEL = 0;
				GCC_PREPROCESSOR_DEFINITIONS = (
					"DEBUG=1",
					"$(inherited)",
				);
				GCC_WARN_64_TO_32_BIT_CONVERSION = YES;
				GCC_WARN_ABOUT_RETURN_TYPE = YES_ERROR;
				GCC_WARN_UNDECLARED_SELECTOR = YES;
				GCC_WARN_UNINITIALIZED_AUTOS = YES_AGGRESSIVE;
				GCC_WARN_UNUSED_FUNCTION = YES;
				GCC_WARN_UNUSED_VARIABLE = YES;
				IPHONEOS_DEPLOYMENT_TARGET = 13.6;
				MTL_ENABLE_DEBUG_INFO = INCLUDE_SOURCE;
				MTL_FAST_MATH = YES;
				ONLY_ACTIVE_ARCH = YES;
				SDKROOT = iphoneos;
				SWIFT_ACTIVE_COMPILATION_CONDITIONS = DEBUG;
				SWIFT_OPTIMIZATION_LEVEL = "-Onone";
			};
			name = Debug;
		};
		8093B67F24D01D770083196D /* Release */ = {
			isa = XCBuildConfiguration;
			buildSettings = {
				ALWAYS_SEARCH_USER_PATHS = NO;
				CLANG_ANALYZER_NONNULL = YES;
				CLANG_ANALYZER_NUMBER_OBJECT_CONVERSION = YES_AGGRESSIVE;
				CLANG_CXX_LANGUAGE_STANDARD = "gnu++14";
				CLANG_CXX_LIBRARY = "libc++";
				CLANG_ENABLE_MODULES = YES;
				CLANG_ENABLE_OBJC_ARC = YES;
				CLANG_ENABLE_OBJC_WEAK = YES;
				CLANG_WARN_BLOCK_CAPTURE_AUTORELEASING = YES;
				CLANG_WARN_BOOL_CONVERSION = YES;
				CLANG_WARN_COMMA = YES;
				CLANG_WARN_CONSTANT_CONVERSION = YES;
				CLANG_WARN_DEPRECATED_OBJC_IMPLEMENTATIONS = YES;
				CLANG_WARN_DIRECT_OBJC_ISA_USAGE = YES_ERROR;
				CLANG_WARN_DOCUMENTATION_COMMENTS = YES;
				CLANG_WARN_EMPTY_BODY = YES;
				CLANG_WARN_ENUM_CONVERSION = YES;
				CLANG_WARN_INFINITE_RECURSION = YES;
				CLANG_WARN_INT_CONVERSION = YES;
				CLANG_WARN_NON_LITERAL_NULL_CONVERSION = YES;
				CLANG_WARN_OBJC_IMPLICIT_RETAIN_SELF = YES;
				CLANG_WARN_OBJC_LITERAL_CONVERSION = YES;
				CLANG_WARN_OBJC_ROOT_CLASS = YES_ERROR;
				CLANG_WARN_RANGE_LOOP_ANALYSIS = YES;
				CLANG_WARN_STRICT_PROTOTYPES = YES;
				CLANG_WARN_SUSPICIOUS_MOVE = YES;
				CLANG_WARN_UNGUARDED_AVAILABILITY = YES_AGGRESSIVE;
				CLANG_WARN_UNREACHABLE_CODE = YES;
				CLANG_WARN__DUPLICATE_METHOD_MATCH = YES;
				COPY_PHASE_STRIP = NO;
				DEBUG_INFORMATION_FORMAT = "dwarf-with-dsym";
				ENABLE_NS_ASSERTIONS = NO;
				ENABLE_STRICT_OBJC_MSGSEND = YES;
				GCC_C_LANGUAGE_STANDARD = gnu11;
				GCC_NO_COMMON_BLOCKS = YES;
				GCC_WARN_64_TO_32_BIT_CONVERSION = YES;
				GCC_WARN_ABOUT_RETURN_TYPE = YES_ERROR;
				GCC_WARN_UNDECLARED_SELECTOR = YES;
				GCC_WARN_UNINITIALIZED_AUTOS = YES_AGGRESSIVE;
				GCC_WARN_UNUSED_FUNCTION = YES;
				GCC_WARN_UNUSED_VARIABLE = YES;
				IPHONEOS_DEPLOYMENT_TARGET = 13.6;
				MTL_ENABLE_DEBUG_INFO = NO;
				MTL_FAST_MATH = YES;
				SDKROOT = iphoneos;
				SWIFT_COMPILATION_MODE = wholemodule;
				SWIFT_OPTIMIZATION_LEVEL = "-O";
				VALIDATE_PRODUCT = YES;
			};
			name = Release;
		};
		8093B68124D01D770083196D /* Debug */ = {
			isa = XCBuildConfiguration;
			buildSettings = {
				ASSETCATALOG_COMPILER_APPICON_NAME = AppIcon;
				CODE_SIGN_STYLE = Automatic;
				DEVELOPMENT_ASSET_PATHS = "\"Calculate_SwiftUI/Preview Content\"";
				DEVELOPMENT_TEAM = YBB257A267;
				ENABLE_PREVIEWS = YES;
				INFOPLIST_FILE = Calculate_SwiftUI/Info.plist;
				LD_RUNPATH_SEARCH_PATHS = (
					"$(inherited)",
					"@executable_path/Frameworks",
				);
				PRODUCT_BUNDLE_IDENTIFIER = "ManyLattice.Calculate-SwiftUI";
				PRODUCT_NAME = "$(TARGET_NAME)";
				SWIFT_VERSION = 5.0;
				TARGETED_DEVICE_FAMILY = "1,2";
			};
			name = Debug;
		};
		8093B68224D01D770083196D /* Release */ = {
			isa = XCBuildConfiguration;
			buildSettings = {
				ASSETCATALOG_COMPILER_APPICON_NAME = AppIcon;
				CODE_SIGN_STYLE = Automatic;
				DEVELOPMENT_ASSET_PATHS = "\"Calculate_SwiftUI/Preview Content\"";
				DEVELOPMENT_TEAM = YBB257A267;
				ENABLE_PREVIEWS = YES;
				INFOPLIST_FILE = Calculate_SwiftUI/Info.plist;
				LD_RUNPATH_SEARCH_PATHS = (
					"$(inherited)",
					"@executable_path/Frameworks",
				);
				PRODUCT_BUNDLE_IDENTIFIER = "ManyLattice.Calculate-SwiftUI";
				PRODUCT_NAME = "$(TARGET_NAME)";
				SWIFT_VERSION = 5.0;
				TARGETED_DEVICE_FAMILY = "1,2";
			};
			name = Release;
		};
		8093B68424D01D770083196D /* Debug */ = {
			isa = XCBuildConfiguration;
			buildSettings = {
				ALWAYS_EMBED_SWIFT_STANDARD_LIBRARIES = YES;
				BUNDLE_LOADER = "$(TEST_HOST)";
				CODE_SIGN_STYLE = Automatic;
				DEVELOPMENT_TEAM = YBB257A267;
				INFOPLIST_FILE = Calculate_SwiftUITests/Info.plist;
				IPHONEOS_DEPLOYMENT_TARGET = 13.6;
				LD_RUNPATH_SEARCH_PATHS = (
					"$(inherited)",
					"@executable_path/Frameworks",
					"@loader_path/Frameworks",
				);
				PRODUCT_BUNDLE_IDENTIFIER = "ManyLattice.Calculate-SwiftUITests";
				PRODUCT_NAME = "$(TARGET_NAME)";
				SWIFT_VERSION = 5.0;
				TARGETED_DEVICE_FAMILY = "1,2";
				TEST_HOST = "$(BUILT_PRODUCTS_DIR)/Calculate_SwiftUI.app/Calculate_SwiftUI";
			};
			name = Debug;
		};
		8093B68524D01D770083196D /* Release */ = {
			isa = XCBuildConfiguration;
			buildSettings = {
				ALWAYS_EMBED_SWIFT_STANDARD_LIBRARIES = YES;
				BUNDLE_LOADER = "$(TEST_HOST)";
				CODE_SIGN_STYLE = Automatic;
				DEVELOPMENT_TEAM = YBB257A267;
				INFOPLIST_FILE = Calculate_SwiftUITests/Info.plist;
				IPHONEOS_DEPLOYMENT_TARGET = 13.6;
				LD_RUNPATH_SEARCH_PATHS = (
					"$(inherited)",
					"@executable_path/Frameworks",
					"@loader_path/Frameworks",
				);
				PRODUCT_BUNDLE_IDENTIFIER = "ManyLattice.Calculate-SwiftUITests";
				PRODUCT_NAME = "$(TARGET_NAME)";
				SWIFT_VERSION = 5.0;
				TARGETED_DEVICE_FAMILY = "1,2";
				TEST_HOST = "$(BUILT_PRODUCTS_DIR)/Calculate_SwiftUI.app/Calculate_SwiftUI";
			};
			name = Release;
		};
/* End XCBuildConfiguration section */

/* Begin XCConfigurationList section */
		8093B65924D01D740083196D /* Build configuration list for PBXProject "Calculate_SwiftUI" */ = {
			isa = XCConfigurationList;
			buildConfigurations = (
				8093B67E24D01D770083196D /* Debug */,
				8093B67F24D01D770083196D /* Release */,
			);
			defaultConfigurationIsVisible = 0;
			defaultConfigurationName = Release;
		};
		8093B68024D01D770083196D /* Build configuration list for PBXNativeTarget "Calculate_SwiftUI" */ = {
			isa = XCConfigurationList;
			buildConfigurations = (
				8093B68124D01D770083196D /* Debug */,
				8093B68224D01D770083196D /* Release */,
			);
			defaultConfigurationIsVisible = 0;
			defaultConfigurationName = Release;
		};
		8093B68324D01D770083196D /* Build configuration list for PBXNativeTarget "Calculate_SwiftUITests" */ = {
			isa = XCConfigurationList;
			buildConfigurations = (
				8093B68424D01D770083196D /* Debug */,
				8093B68524D01D770083196D /* Release */,
			);
			defaultConfigurationIsVisible = 0;
			defaultConfigurationName = Release;
		};
/* End XCConfigurationList section */

/* Begin XCVersionGroup section */
		8093B66524D01D740083196D /* Calculate_SwiftUI.xcdatamodeld */ = {
			isa = XCVersionGroup;
			children = (
				8093B66624D01D740083196D /* Calculate_SwiftUI.xcdatamodel */,
			);
			currentVersion = 8093B66624D01D740083196D /* Calculate_SwiftUI.xcdatamodel */;
			path = Calculate_SwiftUI.xcdatamodeld;
			sourceTree = "<group>";
			versionGroupType = wrapper.xcdatamodel;
		};
/* End XCVersionGroup section */
	};
	rootObject = 8093B65624D01D740083196D /* Project object */;
}
